
Microsoft Visual Studio Solution File, Format Version 12.00
# Visual Studio Version 17
VisualStudioVersion = 17.4.33103.184
MinimumVisualStudioVersion = 10.0.40219.1
Project("{FAE04EC0-301F-11D3-BF4B-00C04F79EFBC}") = "CarManufactoring", "CarManufactoring.csproj", "{2331D56C-27F7-4B91-A19A-F1EAF25417E3}"
EndProject
Global
	GlobalSection(SolutionConfigurationPlatforms) = preSolution
		Debug|Any CPU = Debug|Any CPU
		Release|Any CPU = Release|Any CPU
	EndGlobalSection
	GlobalSection(ProjectConfigurationPlatforms) = postSolution
		{2331D56C-27F7-4B91-A19A-F1EAF25417E3}.Debug|Any CPU.ActiveCfg = Debug|Any CPU
		{2331D56C-27F7-4B91-A19A-F1EAF25417E3}.Debug|Any CPU.Build.0 = Debug|Any CPU
		{2331D56C-27F7-4B91-A19A-F1EAF25417E3}.Release|Any CPU.ActiveCfg = Release|Any CPU
		{2331D56C-27F7-4B91-A19A-F1EAF25417E3}.Release|Any CPU.Build.0 = Release|Any CPU
	EndGlobalSection
	GlobalSection(SolutionProperties) = preSolution
		HideSolutionNode = FALSE
	EndGlobalSection
	GlobalSection(ExtensibilityGlobals) = postSolution
		SolutionGuid = {EDBC20FD-3299-4EED-8CFE-58D7A18846BA}
	EndGlobalSection
EndGlobal
